// !$*UTF8*$!
{
	archiveVersion = 1;
	classes = {
	};
	objectVersion = 56;
	objects = {

/* Begin PBXBuildFile section */
		30C122662A21E8BD000BA068 /* SampleGitHubRepoApp.swift in Sources */ = {isa = PBXBuildFile; fileRef = 30C122652A21E8BD000BA068 /* SampleGitHubRepoApp.swift */; };
		30C122682A21E8BD000BA068 /* ContentView.swift in Sources */ = {isa = PBXBuildFile; fileRef = 30C122672A21E8BD000BA068 /* ContentView.swift */; };
		30C1226A2A21E8BF000BA068 /* Assets.xcassets in Resources */ = {isa = PBXBuildFile; fileRef = 30C122692A21E8BF000BA068 /* Assets.xcassets */; };
		30C1226D2A21E8BF000BA068 /* Preview Assets.xcassets in Resources */ = {isa = PBXBuildFile; fileRef = 30C1226C2A21E8BF000BA068 /* Preview Assets.xcassets */; };
		30C122762A21E927000BA068 /* RepositoryRow.swift in Sources */ = {isa = PBXBuildFile; fileRef = 30C122752A21E927000BA068 /* RepositoryRow.swift */; };
		30C122782A21E949000BA068 /* SearchBar.swift in Sources */ = {isa = PBXBuildFile; fileRef = 30C122772A21E949000BA068 /* SearchBar.swift */; };
		30C1227A2A21E977000BA068 /* RepositoryViewModel.swift in Sources */ = {isa = PBXBuildFile; fileRef = 30C122792A21E977000BA068 /* RepositoryViewModel.swift */; };
		30C1227C2A21E9AD000BA068 /* Repository.swift in Sources */ = {isa = PBXBuildFile; fileRef = 30C1227B2A21E9AD000BA068 /* Repository.swift */; };
		30C1227E2A21F47B000BA068 /* RepositoryDetailView.swift in Sources */ = {isa = PBXBuildFile; fileRef = 30C1227D2A21F47B000BA068 /* RepositoryDetailView.swift */; };
/* End PBXBuildFile section */

/* Begin PBXFileReference section */
		30C122622A21E8BD000BA068 /* SampleGitHubRepo.app */ = {isa = PBXFileReference; explicitFileType = wrapper.application; includeInIndex = 0; path = SampleGitHubRepo.app; sourceTree = BUILT_PRODUCTS_DIR; };
		30C122652A21E8BD000BA068 /* SampleGitHubRepoApp.swift */ = {isa = PBXFileReference; lastKnownFileType = sourcecode.swift; path = SampleGitHubRepoApp.swift; sourceTree = "<group>"; };
		30C122672A21E8BD000BA068 /* ContentView.swift */ = {isa = PBXFileReference; lastKnownFileType = sourcecode.swift; path = ContentView.swift; sourceTree = "<group>"; };
		30C122692A21E8BF000BA068 /* Assets.xcassets */ = {isa = PBXFileReference; lastKnownFileType = folder.assetcatalog; path = Assets.xcassets; sourceTree = "<group>"; };
		30C1226C2A21E8BF000BA068 /* Preview Assets.xcassets */ = {isa = PBXFileReference; lastKnownFileType = folder.assetcatalog; path = "Preview Assets.xcassets"; sourceTree = "<group>"; };
		30C122752A21E927000BA068 /* RepositoryRow.swift */ = {isa = PBXFileReference; lastKnownFileType = sourcecode.swift; path = RepositoryRow.swift; sourceTree = "<group>"; };
		30C122772A21E949000BA068 /* SearchBar.swift */ = {isa = PBXFileReference; lastKnownFileType = sourcecode.swift; path = SearchBar.swift; sourceTree = "<group>"; };
		30C122792A21E977000BA068 /* RepositoryViewModel.swift */ = {isa = PBXFileReference; lastKnownFileType = sourcecode.swift; path = RepositoryViewModel.swift; sourceTree = "<group>"; };
		30C1227B2A21E9AD000BA068 /* Repository.swift */ = {isa = PBXFileReference; lastKnownFileType = sourcecode.swift; path = Repository.swift; sourceTree = "<group>"; };
		30C1227D2A21F47B000BA068 /* RepositoryDetailView.swift */ = {isa = PBXFileReference; lastKnownFileType = sourcecode.swift; path = RepositoryDetailView.swift; sourceTree = "<group>"; };
/* End PBXFileReference section */

/* Begin PBXFrameworksBuildPhase section */
		30C1225F2A21E8BD000BA068 /* Frameworks */ = {
			isa = PBXFrameworksBuildPhase;
			buildActionMask = 2147483647;
			files = (
			);
			runOnlyForDeploymentPostprocessing = 0;
		};
/* End PBXFrameworksBuildPhase section */

/* Begin PBXGroup section */
		3045B8072A2251730021ECAA /* Utils */ = {
			isa = PBXGroup;
			children = (
				30C122772A21E949000BA068 /* SearchBar.swift */,
				30C122792A21E977000BA068 /* RepositoryViewModel.swift */,
				30C1227B2A21E9AD000BA068 /* Repository.swift */,
			);
			path = Utils;
			sourceTree = "<group>";
		};
		3045B8082A22517B0021ECAA /* View */ = {
			isa = PBXGroup;
			children = (
				30C122672A21E8BD000BA068 /* ContentView.swift */,
				30C1227D2A21F47B000BA068 /* RepositoryDetailView.swift */,
				30C122752A21E927000BA068 /* RepositoryRow.swift */,
			);
			path = View;
			sourceTree = "<group>";
		};
		30C122592A21E8BD000BA068 = {
			isa = PBXGroup;
			children = (
				30C122642A21E8BD000BA068 /* SampleGitHubRepo */,
				30C122632A21E8BD000BA068 /* Products */,
			);
			sourceTree = "<group>";
		};
		30C122632A21E8BD000BA068 /* Products */ = {
			isa = PBXGroup;
			children = (
				30C122622A21E8BD000BA068 /* SampleGitHubRepo.app */,
			);
			name = Products;
			sourceTree = "<group>";
		};
		30C122642A21E8BD000BA068 /* SampleGitHubRepo */ = {
			isa = PBXGroup;
			children = (
				30C122652A21E8BD000BA068 /* SampleGitHubRepoApp.swift */,
				3045B8072A2251730021ECAA /* Utils */,
				3045B8082A22517B0021ECAA /* View */,
				30C122692A21E8BF000BA068 /* Assets.xcassets */,
				30C1226B2A21E8BF000BA068 /* Preview Content */,
			);
			path = SampleGitHubRepo;
			sourceTree = "<group>";
		};
		30C1226B2A21E8BF000BA068 /* Preview Content */ = {
			isa = PBXGroup;
			children = (
				30C1226C2A21E8BF000BA068 /* Preview Assets.xcassets */,
			);
			path = "Preview Content";
			sourceTree = "<group>";
		};
/* End PBXGroup section */

/* Begin PBXNativeTarget section */
		30C122612A21E8BD000BA068 /* SampleGitHubRepo */ = {
			isa = PBXNativeTarget;
			buildConfigurationList = 30C122702A21E8BF000BA068 /* Build configuration list for PBXNativeTarget "SampleGitHubRepo" */;
			buildPhases = (
				30C1225E2A21E8BD000BA068 /* Sources */,
				30C1225F2A21E8BD000BA068 /* Frameworks */,
				30C122602A21E8BD000BA068 /* Resources */,
			);
			buildRules = (
			);
			dependencies = (
			);
			name = SampleGitHubRepo;
			productName = SampleGitHubRepo;
			productReference = 30C122622A21E8BD000BA068 /* SampleGitHubRepo.app */;
			productType = "com.apple.product-type.application";
		};
/* End PBXNativeTarget section */

/* Begin PBXProject section */
		30C1225A2A21E8BD000BA068 /* Project object */ = {
			isa = PBXProject;
			attributes = {
				BuildIndependentTargetsInParallel = 1;
				LastSwiftUpdateCheck = 1430;
				LastUpgradeCheck = 1430;
				TargetAttributes = {
					30C122612A21E8BD000BA068 = {
						CreatedOnToolsVersion = 14.3;
					};
				};
			};
			buildConfigurationList = 30C1225D2A21E8BD000BA068 /* Build configuration list for PBXProject "SampleGitHubRepo" */;
			compatibilityVersion = "Xcode 14.0";
			developmentRegion = en;
			hasScannedForEncodings = 0;
			knownRegions = (
				en,
				Base,
			);
			mainGroup = 30C122592A21E8BD000BA068;
			productRefGroup = 30C122632A21E8BD000BA068 /* Products */;
			projectDirPath = "";
			projectRoot = "";
			targets = (
				30C122612A21E8BD000BA068 /* SampleGitHubRepo */,
			);
		};
/* End PBXProject section */

/* Begin PBXResourcesBuildPhase section */
		30C122602A21E8BD000BA068 /* Resources */ = {
			isa = PBXResourcesBuildPhase;
			buildActionMask = 2147483647;
			files = (
				30C1226D2A21E8BF000BA068 /* Preview Assets.xcassets in Resources */,
				30C1226A2A21E8BF000BA068 /* Assets.xcassets in Resources */,
			);
			runOnlyForDeploymentPostprocessing = 0;
		};
/* End PBXResourcesBuildPhase section */

/* Begin PBXSourcesBuildPhase section */
		30C1225E2A21E8BD000BA068 /* Sources */ = {
			isa = PBXSourcesBuildPhase;
			buildActionMask = 2147483647;
			files = (
				30C122762A21E927000BA068 /* RepositoryRow.swift in Sources */,
				30C1227E2A21F47B000BA068 /* RepositoryDetailView.swift in Sources */,
				30C122782A21E949000BA068 /* SearchBar.swift in Sources */,
				30C1227A2A21E977000BA068 /* RepositoryViewModel.swift in Sources */,
				30C122682A21E8BD000BA068 /* ContentView.swift in Sources */,
				30C122662A21E8BD000BA068 /* SampleGitHubRepoApp.swift in Sources */,
				30C1227C2A21E9AD000BA068 /* Repository.swift in Sources */,
			);
			runOnlyForDeploymentPostprocessing = 0;
		};
/* End PBXSourcesBuildPhase section */

/* Begin XCBuildConfiguration section */
		30C1226E2A21E8BF000BA068 /* Debug */ = {
			isa = XCBuildConfiguration;
			buildSettings = {
				ALWAYS_SEARCH_USER_PATHS = NO;
				CLANG_ANALYZER_NONNULL = YES;
				CLANG_ANALYZER_NUMBER_OBJECT_CONVERSION = YES_AGGRESSIVE;
				CLANG_CXX_LANGUAGE_STANDARD = "gnu++20";
				CLANG_ENABLE_MODULES = YES;
				CLANG_ENABLE_OBJC_ARC = YES;
				CLANG_ENABLE_OBJC_WEAK = YES;
				CLANG_WARN_BLOCK_CAPTURE_AUTORELEASING = YES;
				CLANG_WARN_BOOL_CONVERSION = YES;
				CLANG_WARN_COMMA = YES;
				CLANG_WARN_CONSTANT_CONVERSION = YES;
				CLANG_WARN_DEPRECATED_OBJC_IMPLEMENTATIONS = YES;
				CLANG_WARN_DIRECT_OBJC_ISA_USAGE = YES_ERROR;
				CLANG_WARN_DOCUMENTATION_COMMENTS = YES;
				CLANG_WARN_EMPTY_BODY = YES;
				CLANG_WARN_ENUM_CONVERSION = YES;
				CLANG_WARN_INFINITE_RECURSION = YES;
				CLANG_WARN_INT_CONVERSION = YES;
				CLANG_WARN_NON_LITERAL_NULL_CONVERSION = YES;
				CLANG_WARN_OBJC_IMPLICIT_RETAIN_SELF = YES;
				CLANG_WARN_OBJC_LITERAL_CONVERSION = YES;
				CLANG_WARN_OBJC_ROOT_CLASS = YES_ERROR;
				CLANG_WARN_QUOTED_INCLUDE_IN_FRAMEWORK_HEADER = YES;
				CLANG_WARN_RANGE_LOOP_ANALYSIS = YES;
				CLANG_WARN_STRICT_PROTOTYPES = YES;
				CLANG_WARN_SUSPICIOUS_MOVE = YES;
				CLANG_WARN_UNGUARDED_AVAILABILITY = YES_AGGRESSIVE;
				CLANG_WARN_UNREACHABLE_CODE = YES;
				CLANG_WARN__DUPLICATE_METHOD_MATCH = YES;
				COPY_PHASE_STRIP = NO;
				DEBUG_INFORMATION_FORMAT = dwarf;
				ENABLE_STRICT_OBJC_MSGSEND = YES;
				ENABLE_TESTABILITY = YES;
				GCC_C_LANGUAGE_STANDARD = gnu11;
				GCC_DYNAMIC_NO_PIC = NO;
				GCC_NO_COMMON_BLOCKS = YES;
				GCC_OPTIMIZATION_LEVEL = 0;
				GCC_PREPROCESSOR_DEFINITIONS = (
					"DEBUG=1",
					"$(inherited)",
				);
				GCC_WARN_64_TO_32_BIT_CONVERSION = YES;
				GCC_WARN_ABOUT_RETURN_TYPE = YES_ERROR;
				GCC_WARN_UNDECLARED_SELECTOR = YES;
				GCC_WARN_UNINITIALIZED_AUTOS = YES_AGGRESSIVE;
				GCC_WARN_UNUSED_FUNCTION = YES;
				GCC_WARN_UNUSED_VARIABLE = YES;
				IPHONEOS_DEPLOYMENT_TARGET = 16.4;
				MTL_ENABLE_DEBUG_INFO = INCLUDE_SOURCE;
				MTL_FAST_MATH = YES;
				ONLY_ACTIVE_ARCH = YES;
				SDKROOT = iphoneos;
				SWIFT_ACTIVE_COMPILATION_CONDITIONS = DEBUG;
				SWIFT_OPTIMIZATION_LEVEL = "-Onone";
			};
			name = Debug;
		};
		30C1226F2A21E8BF000BA068 /* Release */ = {
			isa = XCBuildConfiguration;
			buildSettings = {
				ALWAYS_SEARCH_USER_PATHS = NO;
				CLANG_ANALYZER_NONNULL = YES;
				CLANG_ANALYZER_NUMBER_OBJECT_CONVERSION = YES_AGGRESSIVE;
				CLANG_CXX_LANGUAGE_STANDARD = "gnu++20";
				CLANG_ENABLE_MODULES = YES;
				CLANG_ENABLE_OBJC_ARC = YES;
				CLANG_ENABLE_OBJC_WEAK = YES;
				CLANG_WARN_BLOCK_CAPTURE_AUTORELEASING = YES;
				CLANG_WARN_BOOL_CONVERSION = YES;
				CLANG_WARN_COMMA = YES;
				CLANG_WARN_CONSTANT_CONVERSION = YES;
				CLANG_WARN_DEPRECATED_OBJC_IMPLEMENTATIONS = YES;
				CLANG_WARN_DIRECT_OBJC_ISA_USAGE = YES_ERROR;
				CLANG_WARN_DOCUMENTATION_COMMENTS = YES;
				CLANG_WARN_EMPTY_BODY = YES;
				CLANG_WARN_ENUM_CONVERSION = YES;
				CLANG_WARN_INFINITE_RECURSION = YES;
				CLANG_WARN_INT_CONVERSION = YES;
				CLANG_WARN_NON_LITERAL_NULL_CONVERSION = YES;
				CLANG_WARN_OBJC_IMPLICIT_RETAIN_SELF = YES;
				CLANG_WARN_OBJC_LITERAL_CONVERSION = YES;
				CLANG_WARN_OBJC_ROOT_CLASS = YES_ERROR;
				CLANG_WARN_QUOTED_INCLUDE_IN_FRAMEWORK_HEADER = YES;
				CLANG_WARN_RANGE_LOOP_ANALYSIS = YES;
				CLANG_WARN_STRICT_PROTOTYPES = YES;
				CLANG_WARN_SUSPICIOUS_MOVE = YES;
				CLANG_WARN_UNGUARDED_AVAILABILITY = YES_AGGRESSIVE;
				CLANG_WARN_UNREACHABLE_CODE = YES;
				CLANG_WARN__DUPLICATE_METHOD_MATCH = YES;
				COPY_PHASE_STRIP = NO;
				DEBUG_INFORMATION_FORMAT = "dwarf-with-dsym";
				ENABLE_NS_ASSERTIONS = NO;
				ENABLE_STRICT_OBJC_MSGSEND = YES;
				GCC_C_LANGUAGE_STANDARD = gnu11;
				GCC_NO_COMMON_BLOCKS = YES;
				GCC_WARN_64_TO_32_BIT_CONVERSION = YES;
				GCC_WARN_ABOUT_RETURN_TYPE = YES_ERROR;
				GCC_WARN_UNDECLARED_SELECTOR = YES;
				GCC_WARN_UNINITIALIZED_AUTOS = YES_AGGRESSIVE;
				GCC_WARN_UNUSED_FUNCTION = YES;
				GCC_WARN_UNUSED_VARIABLE = YES;
				IPHONEOS_DEPLOYMENT_TARGET = 16.4;
				MTL_ENABLE_DEBUG_INFO = NO;
				MTL_FAST_MATH = YES;
				SDKROOT = iphoneos;
				SWIFT_COMPILATION_MODE = wholemodule;
				SWIFT_OPTIMIZATION_LEVEL = "-O";
				VALIDATE_PRODUCT = YES;
			};
			name = Release;
		};
		30C122712A21E8BF000BA068 /* Debug */ = {
			isa = XCBuildConfiguration;
			buildSettings = {
				ASSETCATALOG_COMPILER_APPICON_NAME = AppIcon;
				ASSETCATALOG_COMPILER_GLOBAL_ACCENT_COLOR_NAME = AccentColor;
				CODE_SIGN_STYLE = Automatic;
				CURRENT_PROJECT_VERSION = 1;
				DEVELOPMENT_ASSET_PATHS = "\"SampleGitHubRepo/Preview Content\"";
				DEVELOPMENT_TEAM = LL3ZRXPX56;
				ENABLE_PREVIEWS = YES;
				GENERATE_INFOPLIST_FILE = YES;
				INFOPLIST_KEY_UIApplicationSceneManifest_Generation = YES;
				INFOPLIST_KEY_UIApplicationSupportsIndirectInputEvents = YES;
				INFOPLIST_KEY_UILaunchScreen_Generation = YES;
				INFOPLIST_KEY_UISupportedInterfaceOrientations_iPad = "UIInterfaceOrientationPortrait UIInterfaceOrientationPortraitUpsideDown UIInterfaceOrientationLandscapeLeft UIInterfaceOrientationLandscapeRight";
				INFOPLIST_KEY_UISupportedInterfaceOrientations_iPhone = "UIInterfaceOrientationPortrait UIInterfaceOrientationLandscapeLeft UIInterfaceOrientationLandscapeRight";
				LD_RUNPATH_SEARCH_PATHS = (
					"$(inherited)",
					"@executable_path/Frameworks",
				);
				MARKETING_VERSION = 1.0;
				PRODUCT_BUNDLE_IDENTIFIER = com.sakurahana.SampleGitHubRepo;
				PRODUCT_NAME = "$(TARGET_NAME)";
				SWIFT_EMIT_LOC_STRINGS = YES;
				SWIFT_VERSION = 5.0;
				TARGETED_DEVICE_FAMILY = "1,2";
			};
			name = Debug;
		};
		30C122722A21E8BF000BA068 /* Release */ = {
			isa = XCBuildConfiguration;
			buildSettings = {
				ASSETCATALOG_COMPILER_APPICON_NAME = AppIcon;
				ASSETCATALOG_COMPILER_GLOBAL_ACCENT_COLOR_NAME = AccentColor;
				CODE_SIGN_STYLE = Automatic;
				CURRENT_PROJECT_VERSION = 1;
				DEVELOPMENT_ASSET_PATHS = "\"SampleGitHubRepo/Preview Content\"";
				DEVELOPMENT_TEAM = LL3ZRXPX56;
				ENABLE_PREVIEWS = YES;
				GENERATE_INFOPLIST_FILE = YES;
				INFOPLIST_KEY_UIApplicationSceneManifest_Generation = YES;
				INFOPLIST_KEY_UIApplicationSupportsIndirectInputEvents = YES;
				INFOPLIST_KEY_UILaunchScreen_Generation = YES;
				INFOPLIST_KEY_UISupportedInterfaceOrientations_iPad = "UIInterfaceOrientationPortrait UIInterfaceOrientationPortraitUpsideDown UIInterfaceOrientationLandscapeLeft UIInterfaceOrientationLandscapeRight";
				INFOPLIST_KEY_UISupportedInterfaceOrientations_iPhone = "UIInterfaceOrientationPortrait UIInterfaceOrientationLandscapeLeft UIInterfaceOrientationLandscapeRight";
				LD_RUNPATH_SEARCH_PATHS = (
					"$(inherited)",
					"@executable_path/Frameworks",
				);
				MARKETING_VERSION = 1.0;
				PRODUCT_BUNDLE_IDENTIFIER = com.sakurahana.SampleGitHubRepo;
				PRODUCT_NAME = "$(TARGET_NAME)";
				SWIFT_EMIT_LOC_STRINGS = YES;
				SWIFT_VERSION = 5.0;
				TARGETED_DEVICE_FAMILY = "1,2";
			};
			name = Release;
		};
/* End XCBuildConfiguration section */

/* Begin XCConfigurationList section */
		30C1225D2A21E8BD000BA068 /* Build configuration list for PBXProject "SampleGitHubRepo" */ = {
			isa = XCConfigurationList;
			buildConfigurations = (
				30C1226E2A21E8BF000BA068 /* Debug */,
				30C1226F2A21E8BF000BA068 /* Release */,
			);
			defaultConfigurationIsVisible = 0;
			defaultConfigurationName = Release;
		};
		30C122702A21E8BF000BA068 /* Build configuration list for PBXNativeTarget "SampleGitHubRepo" */ = {
			isa = XCConfigurationList;
			buildConfigurations = (
				30C122712A21E8BF000BA068 /* Debug */,
				30C122722A21E8BF000BA068 /* Release */,
			);
			defaultConfigurationIsVisible = 0;
			defaultConfigurationName = Release;
		};
/* End XCConfigurationList section */
	};
	rootObject = 30C1225A2A21E8BD000BA068 /* Project object */;
}
